lockfileVersion: '6.0'

settings:
  autoInstallPeers: true
  excludeLinksFromLockfile: false

dependencies:
  '@dorkodu/sage-client':
    specifier: ^0.1.4
    version: 0.1.4
  '@dorkodu/sage-server':
    specifier: ^0.1.3
    version: 0.1.3
  '@ucans/ucans':
    specifier: ^0.11.4
    version: 0.11.4
  multiformats:
    specifier: ^11.0.2
    version: 11.0.2
  nostr-tools:
    specifier: ^1.12.1
    version: 1.12.1

packages:

  /@dorkodu/sage-client@0.1.4:
    resolution: {integrity: sha512-YW2uHbePdHDtD5WzLbUhA2rKTadAcuW2AdtTlhyw2o5SAKqvvFjs5GTgwpdRWGDzYDzDkrcD/a734+vLYgqUZA==}
    dev: false

  /@dorkodu/sage-server@0.1.3:
    resolution: {integrity: sha512-WmWwcGk9XsGVzWFhglEAHHOIdQJTB9B3rGeuWYLWYGNzgjZT8uWKThQhFmo7j3xG2orKOX+sPcNxEWUvFeky6Q==}
    dev: false

  /@noble/curves@1.0.0:
    resolution: {integrity: sha512-2upgEu0iLiDVDZkNLeFV2+ht0BAVgQnEmCk6JsOch9Rp8xfkMCbvbAZlA2pBHQc73dbl+vFOXfqkf4uemdn0bw==}
    dependencies:
      '@noble/hashes': 1.3.0
    dev: false

  /@noble/hashes@1.3.0:
    resolution: {integrity: sha512-ilHEACi9DwqJB0pw7kv+Apvh50jiiSyR/cQ3y4W7lOR5mhvn/50FLUfsnfJz0BDZtl/RR16kXvptiv6q1msYZg==}
    dev: false

  /@scure/base@1.1.1:
    resolution: {integrity: sha512-ZxOhsSyxYwLJj3pLZCefNitxsj093tb2vq90mp2txoYeBqbcjDjqFhyM8eUjq/uFm6zJ+mUuqxlS2FkuSY1MTA==}
    dev: false

  /@scure/bip32@1.3.0:
    resolution: {integrity: sha512-bcKpo1oj54hGholplGLpqPHRbIsnbixFtc06nwuNM5/dwSXOq/AAYoIBRsBmnZJSdfeNW5rnff7NTAz3ZCqR9Q==}
    dependencies:
      '@noble/curves': 1.0.0
      '@noble/hashes': 1.3.0
      '@scure/base': 1.1.1
    dev: false

  /@scure/bip39@1.2.0:
    resolution: {integrity: sha512-SX/uKq52cuxm4YFXWFaVByaSHJh2w3BnokVSeUJVCv6K7WulT9u2BuNRBhuFl8vAuYnzx9bEu9WgpcNYTrYieg==}
    dependencies:
      '@noble/hashes': 1.3.0
      '@scure/base': 1.1.1
    dev: false

  /@stablelib/binary@1.0.1:
    resolution: {integrity: sha512-ClJWvmL6UBM/wjkvv/7m5VP3GMr9t0osr4yVgLZsLCOz4hGN9gIAFEqnJ0TsSMAN+n840nf2cHZnA5/KFqHC7Q==}
    dependencies:
      '@stablelib/int': 1.0.1
    dev: false

  /@stablelib/ed25519@1.0.3:
    resolution: {integrity: sha512-puIMWaX9QlRsbhxfDc5i+mNPMY+0TmQEskunY1rZEBPi1acBCVQAhnsk/1Hk50DGPtVsZtAWQg4NHGlVaO9Hqg==}
    dependencies:
      '@stablelib/random': 1.0.2
      '@stablelib/sha512': 1.0.1
      '@stablelib/wipe': 1.0.1
    dev: false

  /@stablelib/hash@1.0.1:
    resolution: {integrity: sha512-eTPJc/stDkdtOcrNMZ6mcMK1e6yBbqRBaNW55XA1jU8w/7QdnCF0CmMmOD1m7VSkBR44PWrMHU2l6r8YEQHMgg==}
    dev: false

  /@stablelib/int@1.0.1:
    resolution: {integrity: sha512-byr69X/sDtDiIjIV6m4roLVWnNNlRGzsvxw+agj8CIEazqWGOQp2dTYgQhtyVXV9wpO6WyXRQUzLV/JRNumT2w==}
    dev: false

  /@stablelib/random@1.0.2:
    resolution: {integrity: sha512-rIsE83Xpb7clHPVRlBj8qNe5L8ISQOzjghYQm/dZ7VaM2KHYwMW5adjQjrzTZCchFnNCNhkwtnOBa9HTMJCI8w==}
    dependencies:
      '@stablelib/binary': 1.0.1
      '@stablelib/wipe': 1.0.1
    dev: false

  /@stablelib/sha512@1.0.1:
    resolution: {integrity: sha512-13gl/iawHV9zvDKciLo1fQ8Bgn2Pvf7OV6amaRVKiq3pjQ3UmEpXxWiAfV8tYjUpeZroBxtyrwtdooQT/i3hzw==}
    dependencies:
      '@stablelib/binary': 1.0.1
      '@stablelib/hash': 1.0.1
      '@stablelib/wipe': 1.0.1
    dev: false

  /@stablelib/wipe@1.0.1:
    resolution: {integrity: sha512-WfqfX/eXGiAd3RJe4VU2snh/ZPwtSjLG4ynQ/vYzvghTh7dHFcI1wl+nrkWG6lGhukOxOsUHfv8dUXr58D0ayg==}
    dev: false

  /@ucans/core@0.11.4:
    resolution: {integrity: sha512-mQ6gI27ni41Zb4WE34IDYcAeNuvJJgNYHl4e+SHi/Jlpn3TDf+QJ0u2MHHqFHrYwtvCZlETD1M0E2S8vY0qHfw==}
    engines: {node: '>=15'}
    dependencies:
      uint8arrays: 3.0.0
    dev: false

  /@ucans/default-plugins@0.11.4:
    resolution: {integrity: sha512-JMset9k20IylV7PZS/Tq5UrWO0m5ZBjn0v1F4M92ueqvAFGKrPobpVii0FJ1qa9oCUmb6K53fZnGEpgNNOuhng==}
    engines: {node: '>=15'}
    dependencies:
      '@stablelib/ed25519': 1.0.3
      '@ucans/core': 0.11.4
      big-integer: 1.6.51
      one-webcrypto: 1.0.3
      uint8arrays: 3.0.0
    dev: false

  /@ucans/ucans@0.11.4:
    resolution: {integrity: sha512-96Hmop4qR1Pp/+lkDDRDy3+hrnyhapqJ30yOWxN7g+Fx3V591eqG2UVS1bPRtonly7eU63/frMJTaSXh+Up67A==}
    engines: {node: '>=15'}
    dependencies:
      '@ucans/core': 0.11.4
      '@ucans/default-plugins': 0.11.4
    dev: false

  /big-integer@1.6.51:
    resolution: {integrity: sha512-GPEid2Y9QU1Exl1rpO9B2IPJGHPSupF5GnVIP0blYvNOMer2bTvSWs1jGOUg04hTmu67nmLsQ9TBo1puaotBHg==}
    engines: {node: '>=0.6'}
    dev: false

  /multiformats@11.0.2:
    resolution: {integrity: sha512-b5mYMkOkARIuVZCpvijFj9a6m5wMVLC7cf/jIPd5D/ARDOfLC5+IFkbgDXQgcU2goIsTD/O9NY4DI/Mt4OGvlg==}
    engines: {node: '>=16.0.0', npm: '>=7.0.0'}
    dev: false

  /multiformats@9.9.0:
    resolution: {integrity: sha512-HoMUjhH9T8DDBNT+6xzkrd9ga/XiBI4xLr58LJACwK6G3HTOPeMz4nB4KJs33L2BelrIJa7P0VuNaVF3hMYfjg==}
    dev: false

  /nostr-tools@1.12.1:
    resolution: {integrity: sha512-ZeoV7g3jBUAlb4mKa3C+6hrc84htPkbebMShfGNgV4vAiz18e/sQukUBFL6vb/+sxZy+dBQFkRwsJIaVFs8Gfw==}
    dependencies:
      '@noble/curves': 1.0.0
      '@noble/hashes': 1.3.0
      '@scure/base': 1.1.1
      '@scure/bip32': 1.3.0
      '@scure/bip39': 1.2.0
    dev: false

  /one-webcrypto@1.0.3:
    resolution: {integrity: sha512-fu9ywBVBPx0gS9K0etIROTiCkvI5S1TDjFsYFb3rC1ewFxeOqsbzq7aIMBHsYfrTHBcGXJaONXXjTl8B01cW1Q==}
    dev: false

  /uint8arrays@3.0.0:
    resolution: {integrity: sha512-HRCx0q6O9Bfbp+HHSfQQKD7wU70+lydKVt4EghkdOvlK/NlrF90z+eXV34mUd48rNvVJXwkrMSPpCATkct8fJA==}
    dependencies:
      multiformats: 9.9.0
    dev: false
